// !$*UTF8*$!
{
	archiveVersion = 1;
	classes = {
	};
	objectVersion = 46;
	objects = {

/* Begin PBXBuildFile section */
		6B13F7BE1B791A5E004511E5 /* main.m in Sources */ = {isa = PBXBuildFile; fileRef = 6B13F7BD1B791A5E004511E5 /* main.m */; };
		6B13F7C11B791A5E004511E5 /* AppDelegate.m in Sources */ = {isa = PBXBuildFile; fileRef = 6B13F7C01B791A5E004511E5 /* AppDelegate.m */; };
		6B13F7C41B791A5E004511E5 /* FirstViewController.m in Sources */ = {isa = PBXBuildFile; fileRef = 6B13F7C31B791A5E004511E5 /* FirstViewController.m */; };
		6B13F7C71B791A5E004511E5 /* SecondViewController.m in Sources */ = {isa = PBXBuildFile; fileRef = 6B13F7C61B791A5E004511E5 /* SecondViewController.m */; };
		6B13F7CA1B791A5E004511E5 /* Main.storyboard in Resources */ = {isa = PBXBuildFile; fileRef = 6B13F7C81B791A5E004511E5 /* Main.storyboard */; };
		6B13F7CC1B791A5E004511E5 /* Images.xcassets in Resources */ = {isa = PBXBuildFile; fileRef = 6B13F7CB1B791A5E004511E5 /* Images.xcassets */; };
		6B13F7CF1B791A5E004511E5 /* LaunchScreen.xib in Resources */ = {isa = PBXBuildFile; fileRef = 6B13F7CD1B791A5E004511E5 /* LaunchScreen.xib */; };
		6B13F7DB1B791A5E004511E5 /* BandoTests.m in Sources */ = {isa = PBXBuildFile; fileRef = 6B13F7DA1B791A5E004511E5 /* BandoTests.m */; };
		6B1B173F1B8C302B0077DC34 /* GoogleService-Info.plist in Resources */ = {isa = PBXBuildFile; fileRef = 6B1B173E1B8C302B0077DC34 /* GoogleService-Info.plist */; };
		6B1D9FBD1B8E3EAF00C22961 /* Cell.m in Sources */ = {isa = PBXBuildFile; fileRef = 6B1D9FAE1B8E3EAF00C22961 /* Cell.m */; };
		6B1D9FBE1B8E3EAF00C22961 /* Cell.xib in Resources */ = {isa = PBXBuildFile; fileRef = 6B1D9FAF1B8E3EAF00C22961 /* Cell.xib */; };
		6B1D9FBF1B8E3EAF00C22961 /* RootViewController.m in Sources */ = {isa = PBXBuildFile; fileRef = 6B1D9FB11B8E3EAF00C22961 /* RootViewController.m */; };
		6B1D9FC11B8E3EAF00C22961 /* UIGridView.m in Sources */ = {isa = PBXBuildFile; fileRef = 6B1D9FB51B8E3EAF00C22961 /* UIGridView.m */; };
		6B1D9FC21B8E3EAF00C22961 /* UIGridViewCell.m in Sources */ = {isa = PBXBuildFile; fileRef = 6B1D9FB71B8E3EAF00C22961 /* UIGridViewCell.m */; };
		6B1D9FC31B8E3EAF00C22961 /* UIGridViewRow.m in Sources */ = {isa = PBXBuildFile; fileRef = 6B1D9FBA1B8E3EAF00C22961 /* UIGridViewRow.m */; };
		6B1D9FC41B8E3EAF00C22961 /* uigridviewAppDelegate.m in Sources */ = {isa = PBXBuildFile; fileRef = 6B1D9FBC1B8E3EAF00C22961 /* uigridviewAppDelegate.m */; };
		6B1D9FC61B8E4F6A00C22961 /* igicon.png in Resources */ = {isa = PBXBuildFile; fileRef = 6B1D9FC51B8E4F6A00C22961 /* igicon.png */; };
		6B3053D11B7C6B5D0070D881 /* ArticleDetailViewController.m in Sources */ = {isa = PBXBuildFile; fileRef = 6B3053D01B7C6B5D0070D881 /* ArticleDetailViewController.m */; };
		6B38B1371BA0AFEF001816B0 /* SavedArticlesController.m in Sources */ = {isa = PBXBuildFile; fileRef = 6B38B1361BA0AFEF001816B0 /* SavedArticlesController.m */; };
		6B58AD321B7BB33800295F6D /* QuartzCore.framework in Frameworks */ = {isa = PBXBuildFile; fileRef = 6B58AD311B7BB33800295F6D /* QuartzCore.framework */; };
		6B58AD3B1B7BBDF900295F6D /* SimpleTableViewController.m in Sources */ = {isa = PBXBuildFile; fileRef = 6B58AD3A1B7BBDF900295F6D /* SimpleTableViewController.m */; };
		6B652BDB1B7C742F00E73D6E /* ListViewCell.m in Sources */ = {isa = PBXBuildFile; fileRef = 6B652BDA1B7C742F00E73D6E /* ListViewCell.m */; };
		6B652C431B7D181200707279 /* Twitter.framework in Frameworks */ = {isa = PBXBuildFile; fileRef = 6B652C421B7D181200707279 /* Twitter.framework */; };
		6B858E461B7BC0D500A1FB8C /* Bolts.framework in Frameworks */ = {isa = PBXBuildFile; fileRef = 6B858E441B7BC0D500A1FB8C /* Bolts.framework */; };
		6B858E471B7BC0D500A1FB8C /* Parse.framework in Frameworks */ = {isa = PBXBuildFile; fileRef = 6B858E451B7BC0D500A1FB8C /* Parse.framework */; };
		6B858E491B7BC10500A1FB8C /* AudioToolbox.framework in Frameworks */ = {isa = PBXBuildFile; fileRef = 6B858E481B7BC10500A1FB8C /* AudioToolbox.framework */; };
		6B858E4B1B7BC10E00A1FB8C /* CFNetwork.framework in Frameworks */ = {isa = PBXBuildFile; fileRef = 6B858E4A1B7BC10E00A1FB8C /* CFNetwork.framework */; };
		6B858E4D1B7BC11300A1FB8C /* CoreGraphics.framework in Frameworks */ = {isa = PBXBuildFile; fileRef = 6B858E4C1B7BC11300A1FB8C /* CoreGraphics.framework */; };
		6B858E4F1B7BC11700A1FB8C /* CoreLocation.framework in Frameworks */ = {isa = PBXBuildFile; fileRef = 6B858E4E1B7BC11700A1FB8C /* CoreLocation.framework */; };
		6B858E511B7BC12400A1FB8C /* Security.framework in Frameworks */ = {isa = PBXBuildFile; fileRef = 6B858E501B7BC12400A1FB8C /* Security.framework */; };
		6B858E531B7BC12A00A1FB8C /* StoreKit.framework in Frameworks */ = {isa = PBXBuildFile; fileRef = 6B858E521B7BC12A00A1FB8C /* StoreKit.framework */; };
		6B858E551B7BC13100A1FB8C /* SystemConfiguration.framework in Frameworks */ = {isa = PBXBuildFile; fileRef = 6B858E541B7BC13100A1FB8C /* SystemConfiguration.framework */; };
		6B858E571B7BC13A00A1FB8C /* libz.dylib in Frameworks */ = {isa = PBXBuildFile; fileRef = 6B858E561B7BC13A00A1FB8C /* libz.dylib */; };
		6B858E591B7BC14100A1FB8C /* libsqlite3.dylib in Frameworks */ = {isa = PBXBuildFile; fileRef = 6B858E581B7BC14100A1FB8C /* libsqlite3.dylib */; };
		6B858E5B1B7BC19D00A1FB8C /* Accounts.framework in Frameworks */ = {isa = PBXBuildFile; fileRef = 6B858E5A1B7BC19D00A1FB8C /* Accounts.framework */; };
		6B858E5D1B7BC1A100A1FB8C /* Social.framework in Frameworks */ = {isa = PBXBuildFile; fileRef = 6B858E5C1B7BC1A100A1FB8C /* Social.framework */; };
		6B858E611B7BC4E300A1FB8C /* BandoPost.m in Sources */ = {isa = PBXBuildFile; fileRef = 6B858E601B7BC4E300A1FB8C /* BandoPost.m */; };
		6B8924191B814107009BA9CF /* CrashReporter.framework in Frameworks */ = {isa = PBXBuildFile; fileRef = 6B8924181B814107009BA9CF /* CrashReporter.framework */; };
		6B89241C1B81412F009BA9CF /* CrashHelper.m in Sources */ = {isa = PBXBuildFile; fileRef = 6B89241B1B81412F009BA9CF /* CrashHelper.m */; };
		6BA71DFD1B7DAFD300FB531D /* CustomRoundRectButton.m in Sources */ = {isa = PBXBuildFile; fileRef = 6BA71DFC1B7DAFD300FB531D /* CustomRoundRectButton.m */; };
		6BA71E031B7DB19C00FB531D /* ChooseCategoriesViewController.m in Sources */ = {isa = PBXBuildFile; fileRef = 6BA71E011B7DB19C00FB531D /* ChooseCategoriesViewController.m */; };
		6BA71E041B7DB19C00FB531D /* ChooseCategoriesViewController.xib in Resources */ = {isa = PBXBuildFile; fileRef = 6BA71E021B7DB19C00FB531D /* ChooseCategoriesViewController.xib */; };
		6BC95FD81B7DA0C60056B6D8 /* bandoheader.png in Resources */ = {isa = PBXBuildFile; fileRef = 6BC95FD71B7DA0C60056B6D8 /* bandoheader.png */; };
		6BD388251B7D6C080095AF07 /* splash.png in Resources */ = {isa = PBXBuildFile; fileRef = 6BD388241B7D6C080095AF07 /* splash.png */; };
		6BD388271B7D6C150095AF07 /* splash@2x.png in Resources */ = {isa = PBXBuildFile; fileRef = 6BD388261B7D6C150095AF07 /* splash@2x.png */; };
		6BD5F0CB1B7FC6BB00712FC5 /* YALSunnyRefreshControl.m in Sources */ = {isa = PBXBuildFile; fileRef = 6BD5F0BA1B7FC6BB00712FC5 /* YALSunnyRefreshControl.m */; };
		6BD5F0CC1B7FC6BB00712FC5 /* YALSunnyRefreshControl.xib in Resources */ = {isa = PBXBuildFile; fileRef = 6BD5F0BB1B7FC6BB00712FC5 /* YALSunnyRefreshControl.xib */; };
		6BDBE05C1B7E77F9002F04DF /* Selected.png in Resources */ = {isa = PBXBuildFile; fileRef = 6BDBE05B1B7E77F9002F04DF /* Selected.png */; };
		6BDBE05E1B7E7802002F04DF /* Selected@2x.png in Resources */ = {isa = PBXBuildFile; fileRef = 6BDBE05D1B7E7802002F04DF /* Selected@2x.png */; };
		6BDBE0611B7E785B002F04DF /* SelectedFeed@2x.png in Resources */ = {isa = PBXBuildFile; fileRef = 6BDBE05F1B7E785B002F04DF /* SelectedFeed@2x.png */; };
		6BDBE0621B7E785B002F04DF /* SelectedFeed.png in Resources */ = {isa = PBXBuildFile; fileRef = 6BDBE0601B7E785B002F04DF /* SelectedFeed.png */; };
		6BDBE0671B7E7894002F04DF /* UnselectedFeed.png in Resources */ = {isa = PBXBuildFile; fileRef = 6BDBE0631B7E7894002F04DF /* UnselectedFeed.png */; };
		6BDBE0681B7E7894002F04DF /* UnselectedFeed@2x.png in Resources */ = {isa = PBXBuildFile; fileRef = 6BDBE0641B7E7894002F04DF /* UnselectedFeed@2x.png */; };
		6BDBE0691B7E7894002F04DF /* Unselected@2x.png in Resources */ = {isa = PBXBuildFile; fileRef = 6BDBE0651B7E7894002F04DF /* Unselected@2x.png */; };
		6BDBE06A1B7E7894002F04DF /* Unselected.png in Resources */ = {isa = PBXBuildFile; fileRef = 6BDBE0661B7E7894002F04DF /* Unselected.png */; };
		6BEDFD571B7EAC450018682F /* Reachability.m in Sources */ = {isa = PBXBuildFile; fileRef = 6BEDFD561B7EAC450018682F /* Reachability.m */; };
		C1DC9EFF24D8573E8012C347 /* libPods-Bando.a in Frameworks */ = {isa = PBXBuildFile; fileRef = 01D2E21228CF490C58D2BDE6 /* libPods-Bando.a */; };
/* End PBXBuildFile section */

/* Begin PBXContainerItemProxy section */
		6B13F7D51B791A5E004511E5 /* PBXContainerItemProxy */ = {
			isa = PBXContainerItemProxy;
			containerPortal = 6B13F7B01B791A5E004511E5 /* Project object */;
			proxyType = 1;
			remoteGlobalIDString = 6B13F7B71B791A5E004511E5;
			remoteInfo = Bando;
		};
/* End PBXContainerItemProxy section */

/* Begin PBXFileReference section */
		01D2E21228CF490C58D2BDE6 /* libPods-Bando.a */ = {isa = PBXFileReference; explicitFileType = archive.ar; includeInIndex = 0; path = "libPods-Bando.a"; sourceTree = BUILT_PRODUCTS_DIR; };
		2959C94D0A5C367FFDEB84F3 /* Pods-Bando.release.xcconfig */ = {isa = PBXFileReference; includeInIndex = 1; lastKnownFileType = text.xcconfig; name = "Pods-Bando.release.xcconfig"; path = "Pods/Target Support Files/Pods-Bando/Pods-Bando.release.xcconfig"; sourceTree = "<group>"; };
		6B13F7B81B791A5E004511E5 /* Bando.app */ = {isa = PBXFileReference; explicitFileType = wrapper.application; includeInIndex = 0; path = Bando.app; sourceTree = BUILT_PRODUCTS_DIR; };
		6B13F7BC1B791A5E004511E5 /* Info.plist */ = {isa = PBXFileReference; lastKnownFileType = text.plist.xml; path = Info.plist; sourceTree = "<group>"; };
		6B13F7BD1B791A5E004511E5 /* main.m */ = {isa = PBXFileReference; lastKnownFileType = sourcecode.c.objc; path = main.m; sourceTree = "<group>"; };
		6B13F7BF1B791A5E004511E5 /* AppDelegate.h */ = {isa = PBXFileReference; lastKnownFileType = sourcecode.c.h; path = AppDelegate.h; sourceTree = "<group>"; };
		6B13F7C01B791A5E004511E5 /* AppDelegate.m */ = {isa = PBXFileReference; lastKnownFileType = sourcecode.c.objc; path = AppDelegate.m; sourceTree = "<group>"; };
		6B13F7C21B791A5E004511E5 /* FirstViewController.h */ = {isa = PBXFileReference; lastKnownFileType = sourcecode.c.h; path = FirstViewController.h; sourceTree = "<group>"; };
		6B13F7C31B791A5E004511E5 /* FirstViewController.m */ = {isa = PBXFileReference; lastKnownFileType = sourcecode.c.objc; path = FirstViewController.m; sourceTree = "<group>"; };
		6B13F7C51B791A5E004511E5 /* SecondViewController.h */ = {isa = PBXFileReference; lastKnownFileType = sourcecode.c.h; path = SecondViewController.h; sourceTree = "<group>"; };
		6B13F7C61B791A5E004511E5 /* SecondViewController.m */ = {isa = PBXFileReference; lastKnownFileType = sourcecode.c.objc; path = SecondViewController.m; sourceTree = "<group>"; };
		6B13F7C91B791A5E004511E5 /* Base */ = {isa = PBXFileReference; lastKnownFileType = file.storyboard; name = Base; path = Base.lproj/Main.storyboard; sourceTree = "<group>"; };
		6B13F7CB1B791A5E004511E5 /* Images.xcassets */ = {isa = PBXFileReference; lastKnownFileType = folder.assetcatalog; path = Images.xcassets; sourceTree = "<group>"; };
		6B13F7CE1B791A5E004511E5 /* Base */ = {isa = PBXFileReference; lastKnownFileType = file.xib; name = Base; path = Base.lproj/LaunchScreen.xib; sourceTree = "<group>"; };
		6B13F7D41B791A5E004511E5 /* BandoTests.xctest */ = {isa = PBXFileReference; explicitFileType = wrapper.cfbundle; includeInIndex = 0; path = BandoTests.xctest; sourceTree = BUILT_PRODUCTS_DIR; };
		6B13F7D91B791A5E004511E5 /* Info.plist */ = {isa = PBXFileReference; lastKnownFileType = text.plist.xml; path = Info.plist; sourceTree = "<group>"; };
		6B13F7DA1B791A5E004511E5 /* BandoTests.m */ = {isa = PBXFileReference; lastKnownFileType = sourcecode.c.objc; path = BandoTests.m; sourceTree = "<group>"; };
		6B1B173E1B8C302B0077DC34 /* GoogleService-Info.plist */ = {isa = PBXFileReference; fileEncoding = 4; lastKnownFileType = text.plist.xml; path = "GoogleService-Info.plist"; sourceTree = "<group>"; };
		6B1D9FAD1B8E3EAF00C22961 /* Cell.h */ = {isa = PBXFileReference; fileEncoding = 4; lastKnownFileType = sourcecode.c.h; path = Cell.h; sourceTree = "<group>"; };
		6B1D9FAE1B8E3EAF00C22961 /* Cell.m */ = {isa = PBXFileReference; fileEncoding = 4; lastKnownFileType = sourcecode.c.objc; path = Cell.m; sourceTree = "<group>"; };
		6B1D9FAF1B8E3EAF00C22961 /* Cell.xib */ = {isa = PBXFileReference; fileEncoding = 4; lastKnownFileType = file.xib; path = Cell.xib; sourceTree = "<group>"; };
		6B1D9FB01B8E3EAF00C22961 /* RootViewController.h */ = {isa = PBXFileReference; fileEncoding = 4; lastKnownFileType = sourcecode.c.h; path = RootViewController.h; sourceTree = "<group>"; };
		6B1D9FB11B8E3EAF00C22961 /* RootViewController.m */ = {isa = PBXFileReference; fileEncoding = 4; lastKnownFileType = sourcecode.c.objc; path = RootViewController.m; sourceTree = "<group>"; };
		6B1D9FB41B8E3EAF00C22961 /* UIGridView.h */ = {isa = PBXFileReference; fileEncoding = 4; lastKnownFileType = sourcecode.c.h; path = UIGridView.h; sourceTree = "<group>"; };
		6B1D9FB51B8E3EAF00C22961 /* UIGridView.m */ = {isa = PBXFileReference; fileEncoding = 4; lastKnownFileType = sourcecode.c.objc; path = UIGridView.m; sourceTree = "<group>"; };
		6B1D9FB61B8E3EAF00C22961 /* UIGridViewCell.h */ = {isa = PBXFileReference; fileEncoding = 4; lastKnownFileType = sourcecode.c.h; path = UIGridViewCell.h; sourceTree = "<group>"; };
		6B1D9FB71B8E3EAF00C22961 /* UIGridViewCell.m */ = {isa = PBXFileReference; fileEncoding = 4; lastKnownFileType = sourcecode.c.objc; path = UIGridViewCell.m; sourceTree = "<group>"; };
		6B1D9FB81B8E3EAF00C22961 /* UIGridViewDelegate.h */ = {isa = PBXFileReference; fileEncoding = 4; lastKnownFileType = sourcecode.c.h; path = UIGridViewDelegate.h; sourceTree = "<group>"; };
		6B1D9FB91B8E3EAF00C22961 /* UIGridViewRow.h */ = {isa = PBXFileReference; fileEncoding = 4; lastKnownFileType = sourcecode.c.h; path = UIGridViewRow.h; sourceTree = "<group>"; };
		6B1D9FBA1B8E3EAF00C22961 /* UIGridViewRow.m */ = {isa = PBXFileReference; fileEncoding = 4; lastKnownFileType = sourcecode.c.objc; path = UIGridViewRow.m; sourceTree = "<group>"; };
		6B1D9FBB1B8E3EAF00C22961 /* uigridviewAppDelegate.h */ = {isa = PBXFileReference; fileEncoding = 4; lastKnownFileType = sourcecode.c.h; path = uigridviewAppDelegate.h; sourceTree = "<group>"; };
		6B1D9FBC1B8E3EAF00C22961 /* uigridviewAppDelegate.m */ = {isa = PBXFileReference; fileEncoding = 4; lastKnownFileType = sourcecode.c.objc; path = uigridviewAppDelegate.m; sourceTree = "<group>"; };
		6B1D9FC51B8E4F6A00C22961 /* igicon.png */ = {isa = PBXFileReference; lastKnownFileType = image.png; path = igicon.png; sourceTree = "<group>"; };
		6B3053CF1B7C6B5D0070D881 /* ArticleDetailViewController.h */ = {isa = PBXFileReference; fileEncoding = 4; lastKnownFileType = sourcecode.c.h; path = ArticleDetailViewController.h; sourceTree = "<group>"; };
		6B3053D01B7C6B5D0070D881 /* ArticleDetailViewController.m */ = {isa = PBXFileReference; fileEncoding = 4; lastKnownFileType = sourcecode.c.objc; path = ArticleDetailViewController.m; sourceTree = "<group>"; };
		6B38B1351BA0AFEF001816B0 /* SavedArticlesController.h */ = {isa = PBXFileReference; fileEncoding = 4; lastKnownFileType = sourcecode.c.h; path = SavedArticlesController.h; sourceTree = "<group>"; };
		6B38B1361BA0AFEF001816B0 /* SavedArticlesController.m */ = {isa = PBXFileReference; fileEncoding = 4; lastKnownFileType = sourcecode.c.objc; path = SavedArticlesController.m; sourceTree = "<group>"; };
		6B58AD311B7BB33800295F6D /* QuartzCore.framework */ = {isa = PBXFileReference; lastKnownFileType = wrapper.framework; name = QuartzCore.framework; path = System/Library/Frameworks/QuartzCore.framework; sourceTree = SDKROOT; };
		6B58AD391B7BBDF900295F6D /* SimpleTableViewController.h */ = {isa = PBXFileReference; fileEncoding = 4; lastKnownFileType = sourcecode.c.h; path = SimpleTableViewController.h; sourceTree = "<group>"; };
		6B58AD3A1B7BBDF900295F6D /* SimpleTableViewController.m */ = {isa = PBXFileReference; fileEncoding = 4; lastKnownFileType = sourcecode.c.objc; path = SimpleTableViewController.m; sourceTree = "<group>"; };
		6B652BD91B7C742F00E73D6E /* ListViewCell.h */ = {isa = PBXFileReference; fileEncoding = 4; lastKnownFileType = sourcecode.c.h; path = ListViewCell.h; sourceTree = "<group>"; };
		6B652BDA1B7C742F00E73D6E /* ListViewCell.m */ = {isa = PBXFileReference; fileEncoding = 4; lastKnownFileType = sourcecode.c.objc; path = ListViewCell.m; sourceTree = "<group>"; };
		6B652C421B7D181200707279 /* Twitter.framework */ = {isa = PBXFileReference; lastKnownFileType = wrapper.framework; name = Twitter.framework; path = System/Library/Frameworks/Twitter.framework; sourceTree = SDKROOT; };
		6B858E441B7BC0D500A1FB8C /* Bolts.framework */ = {isa = PBXFileReference; lastKnownFileType = wrapper.framework; path = Bolts.framework; sourceTree = "<group>"; };
		6B858E451B7BC0D500A1FB8C /* Parse.framework */ = {isa = PBXFileReference; lastKnownFileType = wrapper.framework; path = Parse.framework; sourceTree = "<group>"; };
		6B858E481B7BC10500A1FB8C /* AudioToolbox.framework */ = {isa = PBXFileReference; lastKnownFileType = wrapper.framework; name = AudioToolbox.framework; path = System/Library/Frameworks/AudioToolbox.framework; sourceTree = SDKROOT; };
		6B858E4A1B7BC10E00A1FB8C /* CFNetwork.framework */ = {isa = PBXFileReference; lastKnownFileType = wrapper.framework; name = CFNetwork.framework; path = System/Library/Frameworks/CFNetwork.framework; sourceTree = SDKROOT; };
		6B858E4C1B7BC11300A1FB8C /* CoreGraphics.framework */ = {isa = PBXFileReference; lastKnownFileType = wrapper.framework; name = CoreGraphics.framework; path = System/Library/Frameworks/CoreGraphics.framework; sourceTree = SDKROOT; };
		6B858E4E1B7BC11700A1FB8C /* CoreLocation.framework */ = {isa = PBXFileReference; lastKnownFileType = wrapper.framework; name = CoreLocation.framework; path = System/Library/Frameworks/CoreLocation.framework; sourceTree = SDKROOT; };
		6B858E501B7BC12400A1FB8C /* Security.framework */ = {isa = PBXFileReference; lastKnownFileType = wrapper.framework; name = Security.framework; path = System/Library/Frameworks/Security.framework; sourceTree = SDKROOT; };
		6B858E521B7BC12A00A1FB8C /* StoreKit.framework */ = {isa = PBXFileReference; lastKnownFileType = wrapper.framework; name = StoreKit.framework; path = System/Library/Frameworks/StoreKit.framework; sourceTree = SDKROOT; };
		6B858E541B7BC13100A1FB8C /* SystemConfiguration.framework */ = {isa = PBXFileReference; lastKnownFileType = wrapper.framework; name = SystemConfiguration.framework; path = System/Library/Frameworks/SystemConfiguration.framework; sourceTree = SDKROOT; };
		6B858E561B7BC13A00A1FB8C /* libz.dylib */ = {isa = PBXFileReference; lastKnownFileType = "compiled.mach-o.dylib"; name = libz.dylib; path = usr/lib/libz.dylib; sourceTree = SDKROOT; };
		6B858E581B7BC14100A1FB8C /* libsqlite3.dylib */ = {isa = PBXFileReference; lastKnownFileType = "compiled.mach-o.dylib"; name = libsqlite3.dylib; path = usr/lib/libsqlite3.dylib; sourceTree = SDKROOT; };
		6B858E5A1B7BC19D00A1FB8C /* Accounts.framework */ = {isa = PBXFileReference; lastKnownFileType = wrapper.framework; name = Accounts.framework; path = System/Library/Frameworks/Accounts.framework; sourceTree = SDKROOT; };
		6B858E5C1B7BC1A100A1FB8C /* Social.framework */ = {isa = PBXFileReference; lastKnownFileType = wrapper.framework; name = Social.framework; path = System/Library/Frameworks/Social.framework; sourceTree = SDKROOT; };
		6B858E5F1B7BC4E300A1FB8C /* BandoPost.h */ = {isa = PBXFileReference; fileEncoding = 4; lastKnownFileType = sourcecode.c.h; path = BandoPost.h; sourceTree = "<group>"; };
		6B858E601B7BC4E300A1FB8C /* BandoPost.m */ = {isa = PBXFileReference; fileEncoding = 4; lastKnownFileType = sourcecode.c.objc; path = BandoPost.m; sourceTree = "<group>"; };
		6B8924181B814107009BA9CF /* CrashReporter.framework */ = {isa = PBXFileReference; lastKnownFileType = wrapper.framework; path = CrashReporter.framework; sourceTree = "<group>"; };
		6B89241A1B81412F009BA9CF /* CrashHelper.h */ = {isa = PBXFileReference; fileEncoding = 4; lastKnownFileType = sourcecode.c.h; path = CrashHelper.h; sourceTree = "<group>"; };
		6B89241B1B81412F009BA9CF /* CrashHelper.m */ = {isa = PBXFileReference; fileEncoding = 4; lastKnownFileType = sourcecode.c.objc; path = CrashHelper.m; sourceTree = "<group>"; };
		6BA71DFB1B7DAFD300FB531D /* CustomRoundRectButton.h */ = {isa = PBXFileReference; fileEncoding = 4; lastKnownFileType = sourcecode.c.h; path = CustomRoundRectButton.h; sourceTree = "<group>"; };
		6BA71DFC1B7DAFD300FB531D /* CustomRoundRectButton.m */ = {isa = PBXFileReference; fileEncoding = 4; lastKnownFileType = sourcecode.c.objc; path = CustomRoundRectButton.m; sourceTree = "<group>"; };
		6BA71E001B7DB19C00FB531D /* ChooseCategoriesViewController.h */ = {isa = PBXFileReference; fileEncoding = 4; lastKnownFileType = sourcecode.c.h; path = ChooseCategoriesViewController.h; sourceTree = "<group>"; };
		6BA71E011B7DB19C00FB531D /* ChooseCategoriesViewController.m */ = {isa = PBXFileReference; fileEncoding = 4; lastKnownFileType = sourcecode.c.objc; path = ChooseCategoriesViewController.m; sourceTree = "<group>"; };
		6BA71E021B7DB19C00FB531D /* ChooseCategoriesViewController.xib */ = {isa = PBXFileReference; fileEncoding = 4; lastKnownFileType = file.xib; path = ChooseCategoriesViewController.xib; sourceTree = "<group>"; };
		6BC95FD71B7DA0C60056B6D8 /* bandoheader.png */ = {isa = PBXFileReference; lastKnownFileType = image.png; path = bandoheader.png; sourceTree = "<group>"; };
		6BD388241B7D6C080095AF07 /* splash.png */ = {isa = PBXFileReference; lastKnownFileType = image.png; path = splash.png; sourceTree = "<group>"; };
		6BD388261B7D6C150095AF07 /* splash@2x.png */ = {isa = PBXFileReference; lastKnownFileType = image.png; path = "splash@2x.png"; sourceTree = "<group>"; };
		6BD5F0B91B7FC6BB00712FC5 /* YALSunnyRefreshControl.h */ = {isa = PBXFileReference; fileEncoding = 4; lastKnownFileType = sourcecode.c.h; path = YALSunnyRefreshControl.h; sourceTree = "<group>"; };
		6BD5F0BA1B7FC6BB00712FC5 /* YALSunnyRefreshControl.m */ = {isa = PBXFileReference; fileEncoding = 4; lastKnownFileType = sourcecode.c.objc; path = YALSunnyRefreshControl.m; sourceTree = "<group>"; };
		6BD5F0BB1B7FC6BB00712FC5 /* YALSunnyRefreshControl.xib */ = {isa = PBXFileReference; fileEncoding = 4; lastKnownFileType = file.xib; path = YALSunnyRefreshControl.xib; sourceTree = "<group>"; };
		6BDBE05B1B7E77F9002F04DF /* Selected.png */ = {isa = PBXFileReference; lastKnownFileType = image.png; path = Selected.png; sourceTree = "<group>"; };
		6BDBE05D1B7E7802002F04DF /* Selected@2x.png */ = {isa = PBXFileReference; lastKnownFileType = image.png; path = "Selected@2x.png"; sourceTree = "<group>"; };
		6BDBE05F1B7E785B002F04DF /* SelectedFeed@2x.png */ = {isa = PBXFileReference; lastKnownFileType = image.png; path = "SelectedFeed@2x.png"; sourceTree = "<group>"; };
		6BDBE0601B7E785B002F04DF /* SelectedFeed.png */ = {isa = PBXFileReference; lastKnownFileType = image.png; path = SelectedFeed.png; sourceTree = "<group>"; };
		6BDBE0631B7E7894002F04DF /* UnselectedFeed.png */ = {isa = PBXFileReference; lastKnownFileType = image.png; path = UnselectedFeed.png; sourceTree = "<group>"; };
		6BDBE0641B7E7894002F04DF /* UnselectedFeed@2x.png */ = {isa = PBXFileReference; lastKnownFileType = image.png; path = "UnselectedFeed@2x.png"; sourceTree = "<group>"; };
		6BDBE0651B7E7894002F04DF /* Unselected@2x.png */ = {isa = PBXFileReference; lastKnownFileType = image.png; path = "Unselected@2x.png"; sourceTree = "<group>"; };
		6BDBE0661B7E7894002F04DF /* Unselected.png */ = {isa = PBXFileReference; lastKnownFileType = image.png; path = Unselected.png; sourceTree = "<group>"; };
		6BEDFD551B7EAC450018682F /* Reachability.h */ = {isa = PBXFileReference; fileEncoding = 4; lastKnownFileType = sourcecode.c.h; path = Reachability.h; sourceTree = "<group>"; };
		6BEDFD561B7EAC450018682F /* Reachability.m */ = {isa = PBXFileReference; fileEncoding = 4; lastKnownFileType = sourcecode.c.objc; path = Reachability.m; sourceTree = "<group>"; };
		B43BDDF30EB3C3166D4AB548 /* Pods-Bando.debug.xcconfig */ = {isa = PBXFileReference; includeInIndex = 1; lastKnownFileType = text.xcconfig; name = "Pods-Bando.debug.xcconfig"; path = "Pods/Target Support Files/Pods-Bando/Pods-Bando.debug.xcconfig"; sourceTree = "<group>"; };
/* End PBXFileReference section */

/* Begin PBXFrameworksBuildPhase section */
		6B13F7B51B791A5E004511E5 /* Frameworks */ = {
			isa = PBXFrameworksBuildPhase;
			buildActionMask = 2147483647;
			files = (
				6B858E551B7BC13100A1FB8C /* SystemConfiguration.framework in Frameworks */,
				6B652C431B7D181200707279 /* Twitter.framework in Frameworks */,
				6B858E5D1B7BC1A100A1FB8C /* Social.framework in Frameworks */,
				6B858E5B1B7BC19D00A1FB8C /* Accounts.framework in Frameworks */,
				6B858E591B7BC14100A1FB8C /* libsqlite3.dylib in Frameworks */,
				6B858E571B7BC13A00A1FB8C /* libz.dylib in Frameworks */,
				6B858E531B7BC12A00A1FB8C /* StoreKit.framework in Frameworks */,
				6B858E511B7BC12400A1FB8C /* Security.framework in Frameworks */,
				6B858E4F1B7BC11700A1FB8C /* CoreLocation.framework in Frameworks */,
				6B858E4D1B7BC11300A1FB8C /* CoreGraphics.framework in Frameworks */,
				6B858E4B1B7BC10E00A1FB8C /* CFNetwork.framework in Frameworks */,
				6B858E491B7BC10500A1FB8C /* AudioToolbox.framework in Frameworks */,
				6B58AD321B7BB33800295F6D /* QuartzCore.framework in Frameworks */,
				6B858E471B7BC0D500A1FB8C /* Parse.framework in Frameworks */,
				6B858E461B7BC0D500A1FB8C /* Bolts.framework in Frameworks */,
				6B8924191B814107009BA9CF /* CrashReporter.framework in Frameworks */,
				C1DC9EFF24D8573E8012C347 /* libPods-Bando.a in Frameworks */,
			);
			runOnlyForDeploymentPostprocessing = 0;
		};
		6B13F7D11B791A5E004511E5 /* Frameworks */ = {
			isa = PBXFrameworksBuildPhase;
			buildActionMask = 2147483647;
			files = (
			);
			runOnlyForDeploymentPostprocessing = 0;
		};
/* End PBXFrameworksBuildPhase section */

/* Begin PBXGroup section */
		25314A73A37772F9154D1B51 /* Frameworks */ = {
			isa = PBXGroup;
			children = (
				6B652C421B7D181200707279 /* Twitter.framework */,
				01D2E21228CF490C58D2BDE6 /* libPods-Bando.a */,
			);
			name = Frameworks;
			sourceTree = "<group>";
		};
		34A7C936D5C42CEAE8CE2170 /* Pods */ = {
			isa = PBXGroup;
			children = (
				B43BDDF30EB3C3166D4AB548 /* Pods-Bando.debug.xcconfig */,
				2959C94D0A5C367FFDEB84F3 /* Pods-Bando.release.xcconfig */,
			);
			name = Pods;
			sourceTree = "<group>";
		};
		6B13F7AF1B791A5E004511E5 = {
			isa = PBXGroup;
			children = (
				6B1B173E1B8C302B0077DC34 /* GoogleService-Info.plist */,
				6B8924181B814107009BA9CF /* CrashReporter.framework */,
				6B858E5C1B7BC1A100A1FB8C /* Social.framework */,
				6B858E5A1B7BC19D00A1FB8C /* Accounts.framework */,
				6B858E581B7BC14100A1FB8C /* libsqlite3.dylib */,
				6B858E561B7BC13A00A1FB8C /* libz.dylib */,
				6B858E541B7BC13100A1FB8C /* SystemConfiguration.framework */,
				6B858E521B7BC12A00A1FB8C /* StoreKit.framework */,
				6B858E501B7BC12400A1FB8C /* Security.framework */,
				6B858E4E1B7BC11700A1FB8C /* CoreLocation.framework */,
				6B858E4C1B7BC11300A1FB8C /* CoreGraphics.framework */,
				6B858E4A1B7BC10E00A1FB8C /* CFNetwork.framework */,
				6B858E481B7BC10500A1FB8C /* AudioToolbox.framework */,
				6B858E441B7BC0D500A1FB8C /* Bolts.framework */,
				6B858E451B7BC0D500A1FB8C /* Parse.framework */,
				6B58AD311B7BB33800295F6D /* QuartzCore.framework */,
				6B13F7BA1B791A5E004511E5 /* Bando */,
				6B13F7D71B791A5E004511E5 /* BandoTests */,
				6B13F7B91B791A5E004511E5 /* Products */,
				34A7C936D5C42CEAE8CE2170 /* Pods */,
				25314A73A37772F9154D1B51 /* Frameworks */,
			);
			sourceTree = "<group>";
		};
		6B13F7B91B791A5E004511E5 /* Products */ = {
			isa = PBXGroup;
			children = (
				6B13F7B81B791A5E004511E5 /* Bando.app */,
				6B13F7D41B791A5E004511E5 /* BandoTests.xctest */,
			);
			name = Products;
			sourceTree = "<group>";
		};
		6B13F7BA1B791A5E004511E5 /* Bando */ = {
			isa = PBXGroup;
			children = (
				6B1D9FAC1B8E3EAF00C22961 /* UIGridViewClasses */,
				6BD5F09A1B7FC65800712FC5 /* YALSunnyRefreshControll */,
				6BA71DFA1B7DAFB400FB531D /* CustomUI */,
				6B858E5E1B7BC4CF00A1FB8C /* DataModel */,
				6B58AD381B7BBDE100295F6D /* LiveListView */,
				6B58AD281B7BAC0E00295F6D /* FeaturedGridView */,
				6B13F7BF1B791A5E004511E5 /* AppDelegate.h */,
				6B38B1341BA0AFBA001816B0 /* saverdarticles */,
				6BEDFD551B7EAC450018682F /* Reachability.h */,
				6BEDFD561B7EAC450018682F /* Reachability.m */,
				6B13F7C01B791A5E004511E5 /* AppDelegate.m */,
				6B13F7C21B791A5E004511E5 /* FirstViewController.h */,
				6B13F7C31B791A5E004511E5 /* FirstViewController.m */,
				6B13F7C51B791A5E004511E5 /* SecondViewController.h */,
				6B13F7C61B791A5E004511E5 /* SecondViewController.m */,
				6B13F7C81B791A5E004511E5 /* Main.storyboard */,
				6B13F7CB1B791A5E004511E5 /* Images.xcassets */,
				6B13F7CD1B791A5E004511E5 /* LaunchScreen.xib */,
				6B13F7BB1B791A5E004511E5 /* Supporting Files */,
			);
			path = Bando;
			sourceTree = "<group>";
		};
		6B13F7BB1B791A5E004511E5 /* Supporting Files */ = {
			isa = PBXGroup;
			children = (
				6B1D9FC51B8E4F6A00C22961 /* igicon.png */,
				6BDBE0631B7E7894002F04DF /* UnselectedFeed.png */,
				6BDBE0641B7E7894002F04DF /* UnselectedFeed@2x.png */,
				6BDBE0651B7E7894002F04DF /* Unselected@2x.png */,
				6BDBE0661B7E7894002F04DF /* Unselected.png */,
				6BDBE05F1B7E785B002F04DF /* SelectedFeed@2x.png */,
				6BDBE0601B7E785B002F04DF /* SelectedFeed.png */,
				6BDBE05D1B7E7802002F04DF /* Selected@2x.png */,
				6BDBE05B1B7E77F9002F04DF /* Selected.png */,
				6BC95FD71B7DA0C60056B6D8 /* bandoheader.png */,
				6BD388261B7D6C150095AF07 /* splash@2x.png */,
				6BD388241B7D6C080095AF07 /* splash.png */,
				6B13F7BC1B791A5E004511E5 /* Info.plist */,
				6B13F7BD1B791A5E004511E5 /* main.m */,
			);
			name = "Supporting Files";
			sourceTree = "<group>";
		};
		6B13F7D71B791A5E004511E5 /* BandoTests */ = {
			isa = PBXGroup;
			children = (
				6B13F7DA1B791A5E004511E5 /* BandoTests.m */,
				6B13F7D81B791A5E004511E5 /* Supporting Files */,
			);
			path = BandoTests;
			sourceTree = "<group>";
		};
		6B13F7D81B791A5E004511E5 /* Supporting Files */ = {
			isa = PBXGroup;
			children = (
				6B13F7D91B791A5E004511E5 /* Info.plist */,
			);
			name = "Supporting Files";
			sourceTree = "<group>";
		};
		6B1D9FAC1B8E3EAF00C22961 /* UIGridViewClasses */ = {
			isa = PBXGroup;
			children = (
				6B1D9FAD1B8E3EAF00C22961 /* Cell.h */,
				6B1D9FAE1B8E3EAF00C22961 /* Cell.m */,
				6B1D9FAF1B8E3EAF00C22961 /* Cell.xib */,
				6B1D9FB01B8E3EAF00C22961 /* RootViewController.h */,
				6B1D9FB11B8E3EAF00C22961 /* RootViewController.m */,
				6B1D9FB31B8E3EAF00C22961 /* UIGridView */,
				6B1D9FBB1B8E3EAF00C22961 /* uigridviewAppDelegate.h */,
				6B1D9FBC1B8E3EAF00C22961 /* uigridviewAppDelegate.m */,
			);
			path = UIGridViewClasses;
			sourceTree = "<group>";
		};
		6B1D9FB31B8E3EAF00C22961 /* UIGridView */ = {
			isa = PBXGroup;
			children = (
				6B1D9FB41B8E3EAF00C22961 /* UIGridView.h */,
				6B1D9FB51B8E3EAF00C22961 /* UIGridView.m */,
				6B1D9FB61B8E3EAF00C22961 /* UIGridViewCell.h */,
				6B1D9FB71B8E3EAF00C22961 /* UIGridViewCell.m */,
				6B1D9FB81B8E3EAF00C22961 /* UIGridViewDelegate.h */,
				6B1D9FB91B8E3EAF00C22961 /* UIGridViewRow.h */,
				6B1D9FBA1B8E3EAF00C22961 /* UIGridViewRow.m */,
			);
			path = UIGridView;
			sourceTree = "<group>";
		};
		6B38B1341BA0AFBA001816B0 /* saverdarticles */ = {
			isa = PBXGroup;
			children = (
				6B38B1351BA0AFEF001816B0 /* SavedArticlesController.h */,
				6B38B1361BA0AFEF001816B0 /* SavedArticlesController.m */,
			);
			name = saverdarticles;
			sourceTree = "<group>";
		};
		6B58AD281B7BAC0E00295F6D /* FeaturedGridView */ = {
			isa = PBXGroup;
			children = (
				6B3053CF1B7C6B5D0070D881 /* ArticleDetailViewController.h */,
				6B3053D01B7C6B5D0070D881 /* ArticleDetailViewController.m */,
			);
			name = FeaturedGridView;
			sourceTree = "<group>";
		};
		6B58AD381B7BBDE100295F6D /* LiveListView */ = {
			isa = PBXGroup;
			children = (
				6B58AD391B7BBDF900295F6D /* SimpleTableViewController.h */,
				6B58AD3A1B7BBDF900295F6D /* SimpleTableViewController.m */,
				6B652BD91B7C742F00E73D6E /* ListViewCell.h */,
				6B652BDA1B7C742F00E73D6E /* ListViewCell.m */,
			);
			name = LiveListView;
			sourceTree = "<group>";
		};
		6B858E5E1B7BC4CF00A1FB8C /* DataModel */ = {
			isa = PBXGroup;
			children = (
				6B858E5F1B7BC4E300A1FB8C /* BandoPost.h */,
				6B858E601B7BC4E300A1FB8C /* BandoPost.m */,
			);
			name = DataModel;
			sourceTree = "<group>";
		};
		6BA71DFA1B7DAFB400FB531D /* CustomUI */ = {
			isa = PBXGroup;
			children = (
				6BA71DFB1B7DAFD300FB531D /* CustomRoundRectButton.h */,
				6BA71DFC1B7DAFD300FB531D /* CustomRoundRectButton.m */,
				6BA71E001B7DB19C00FB531D /* ChooseCategoriesViewController.h */,
				6BA71E011B7DB19C00FB531D /* ChooseCategoriesViewController.m */,
				6BA71E021B7DB19C00FB531D /* ChooseCategoriesViewController.xib */,
			);
			name = CustomUI;
			sourceTree = "<group>";
		};
		6BD5F09A1B7FC65800712FC5 /* YALSunnyRefreshControll */ = {
			isa = PBXGroup;
			children = (
				6B89241A1B81412F009BA9CF /* CrashHelper.h */,
				6B89241B1B81412F009BA9CF /* CrashHelper.m */,
				6BD5F0B91B7FC6BB00712FC5 /* YALSunnyRefreshControl.h */,
				6BD5F0BA1B7FC6BB00712FC5 /* YALSunnyRefreshControl.m */,
				6BD5F0BB1B7FC6BB00712FC5 /* YALSunnyRefreshControl.xib */,
			);
			name = YALSunnyRefreshControll;
			sourceTree = "<group>";
		};
/* End PBXGroup section */

/* Begin PBXNativeTarget section */
		6B13F7B71B791A5E004511E5 /* Bando */ = {
			isa = PBXNativeTarget;
			buildConfigurationList = 6B13F7DE1B791A5E004511E5 /* Build configuration list for PBXNativeTarget "Bando" */;
			buildPhases = (
				6CE48DDEF3320BDA03E278CB /* Check Pods Manifest.lock */,
				6B13F7B41B791A5E004511E5 /* Sources */,
				6B13F7B51B791A5E004511E5 /* Frameworks */,
				6B13F7B61B791A5E004511E5 /* Resources */,
				4280089D81806A20A0FEDF7C /* Copy Pods Resources */,
			);
			buildRules = (
			);
			dependencies = (
			);
			name = Bando;
			productName = Bando;
			productReference = 6B13F7B81B791A5E004511E5 /* Bando.app */;
			productType = "com.apple.product-type.application";
		};
		6B13F7D31B791A5E004511E5 /* BandoTests */ = {
			isa = PBXNativeTarget;
			buildConfigurationList = 6B13F7E11B791A5E004511E5 /* Build configuration list for PBXNativeTarget "BandoTests" */;
			buildPhases = (
				6B13F7D01B791A5E004511E5 /* Sources */,
				6B13F7D11B791A5E004511E5 /* Frameworks */,
				6B13F7D21B791A5E004511E5 /* Resources */,
			);
			buildRules = (
			);
			dependencies = (
				6B13F7D61B791A5E004511E5 /* PBXTargetDependency */,
			);
			name = BandoTests;
			productName = BandoTests;
			productReference = 6B13F7D41B791A5E004511E5 /* BandoTests.xctest */;
			productType = "com.apple.product-type.bundle.unit-test";
		};
/* End PBXNativeTarget section */

/* Begin PBXProject section */
		6B13F7B01B791A5E004511E5 /* Project object */ = {
			isa = PBXProject;
			attributes = {
				LastUpgradeCheck = 0640;
				ORGANIZATIONNAME = "Benjamin Harvey";
				TargetAttributes = {
					6B13F7B71B791A5E004511E5 = {
						CreatedOnToolsVersion = 6.4;
						DevelopmentTeam = 55NN688S43;
					};
					6B13F7D31B791A5E004511E5 = {
						CreatedOnToolsVersion = 6.4;
						TestTargetID = 6B13F7B71B791A5E004511E5;
					};
				};
			};
			buildConfigurationList = 6B13F7B31B791A5E004511E5 /* Build configuration list for PBXProject "Bando" */;
			compatibilityVersion = "Xcode 3.2";
			developmentRegion = English;
			hasScannedForEncodings = 0;
			knownRegions = (
				en,
				Base,
			);
			mainGroup = 6B13F7AF1B791A5E004511E5;
			productRefGroup = 6B13F7B91B791A5E004511E5 /* Products */;
			projectDirPath = "";
			projectRoot = "";
			targets = (
				6B13F7B71B791A5E004511E5 /* Bando */,
				6B13F7D31B791A5E004511E5 /* BandoTests */,
			);
		};
/* End PBXProject section */

/* Begin PBXResourcesBuildPhase section */
		6B13F7B61B791A5E004511E5 /* Resources */ = {
			isa = PBXResourcesBuildPhase;
			buildActionMask = 2147483647;
			files = (
				6BD5F0CC1B7FC6BB00712FC5 /* YALSunnyRefreshControl.xib in Resources */,
				6BDBE06A1B7E7894002F04DF /* Unselected.png in Resources */,
				6BDBE0671B7E7894002F04DF /* UnselectedFeed.png in Resources */,
				6BDBE0621B7E785B002F04DF /* SelectedFeed.png in Resources */,
				6B13F7CA1B791A5E004511E5 /* Main.storyboard in Resources */,
				6B13F7CF1B791A5E004511E5 /* LaunchScreen.xib in Resources */,
				6BDBE0691B7E7894002F04DF /* Unselected@2x.png in Resources */,
				6BD388251B7D6C080095AF07 /* splash.png in Resources */,
				6BDBE0681B7E7894002F04DF /* UnselectedFeed@2x.png in Resources */,
				6BA71E041B7DB19C00FB531D /* ChooseCategoriesViewController.xib in Resources */,
				6B1D9FC61B8E4F6A00C22961 /* igicon.png in Resources */,
				6B13F7CC1B791A5E004511E5 /* Images.xcassets in Resources */,
				6BDBE05E1B7E7802002F04DF /* Selected@2x.png in Resources */,
				6BD388271B7D6C150095AF07 /* splash@2x.png in Resources */,
				6B1D9FBE1B8E3EAF00C22961 /* Cell.xib in Resources */,
				6B1B173F1B8C302B0077DC34 /* GoogleService-Info.plist in Resources */,
				6BDBE0611B7E785B002F04DF /* SelectedFeed@2x.png in Resources */,
				6BDBE05C1B7E77F9002F04DF /* Selected.png in Resources */,
				6BC95FD81B7DA0C60056B6D8 /* bandoheader.png in Resources */,
			);
			runOnlyForDeploymentPostprocessing = 0;
		};
		6B13F7D21B791A5E004511E5 /* Resources */ = {
			isa = PBXResourcesBuildPhase;
			buildActionMask = 2147483647;
			files = (
			);
			runOnlyForDeploymentPostprocessing = 0;
		};
/* End PBXResourcesBuildPhase section */

/* Begin PBXShellScriptBuildPhase section */
		4280089D81806A20A0FEDF7C /* Copy Pods Resources */ = {
			isa = PBXShellScriptBuildPhase;
			buildActionMask = 2147483647;
			files = (
			);
			inputPaths = (
			);
			name = "Copy Pods Resources";
			outputPaths = (
			);
			runOnlyForDeploymentPostprocessing = 0;
			shellPath = /bin/sh;
			shellScript = "\"${SRCROOT}/Pods/Target Support Files/Pods-Bando/Pods-Bando-resources.sh\"\n";
			showEnvVarsInLog = 0;
		};
		6CE48DDEF3320BDA03E278CB /* Check Pods Manifest.lock */ = {
			isa = PBXShellScriptBuildPhase;
			buildActionMask = 2147483647;
			files = (
			);
			inputPaths = (
			);
			name = "Check Pods Manifest.lock";
			outputPaths = (
			);
			runOnlyForDeploymentPostprocessing = 0;
			shellPath = /bin/sh;
			shellScript = "diff \"${PODS_ROOT}/../Podfile.lock\" \"${PODS_ROOT}/Manifest.lock\" > /dev/null\nif [[ $? != 0 ]] ; then\n    cat << EOM\nerror: The sandbox is not in sync with the Podfile.lock. Run 'pod install' or update your CocoaPods installation.\nEOM\n    exit 1\nfi\n";
			showEnvVarsInLog = 0;
		};
/* End PBXShellScriptBuildPhase section */

/* Begin PBXSourcesBuildPhase section */
		6B13F7B41B791A5E004511E5 /* Sources */ = {
			isa = PBXSourcesBuildPhase;
			buildActionMask = 2147483647;
			files = (
				6B1D9FBD1B8E3EAF00C22961 /* Cell.m in Sources */,
				6BA71E031B7DB19C00FB531D /* ChooseCategoriesViewController.m in Sources */,
				6B858E611B7BC4E300A1FB8C /* BandoPost.m in Sources */,
				6B13F7C71B791A5E004511E5 /* SecondViewController.m in Sources */,
				6BA71DFD1B7DAFD300FB531D /* CustomRoundRectButton.m in Sources */,
				6B58AD3B1B7BBDF900295F6D /* SimpleTableViewController.m in Sources */,
				6B1D9FC41B8E3EAF00C22961 /* uigridviewAppDelegate.m in Sources */,
				6B3053D11B7C6B5D0070D881 /* ArticleDetailViewController.m in Sources */,
				6B13F7C11B791A5E004511E5 /* AppDelegate.m in Sources */,
				6B1D9FC11B8E3EAF00C22961 /* UIGridView.m in Sources */,
				6B89241C1B81412F009BA9CF /* CrashHelper.m in Sources */,
				6B652BDB1B7C742F00E73D6E /* ListViewCell.m in Sources */,
				6B1D9FC31B8E3EAF00C22961 /* UIGridViewRow.m in Sources */,
				6B1D9FBF1B8E3EAF00C22961 /* RootViewController.m in Sources */,
				6B38B1371BA0AFEF001816B0 /* SavedArticlesController.m in Sources */,
				6B1D9FC21B8E3EAF00C22961 /* UIGridViewCell.m in Sources */,
				6BD5F0CB1B7FC6BB00712FC5 /* YALSunnyRefreshControl.m in Sources */,
				6B13F7C41B791A5E004511E5 /* FirstViewController.m in Sources */,
				6BEDFD571B7EAC450018682F /* Reachability.m in Sources */,
				6B13F7BE1B791A5E004511E5 /* main.m in Sources */,
			);
			runOnlyForDeploymentPostprocessing = 0;
		};
		6B13F7D01B791A5E004511E5 /* Sources */ = {
			isa = PBXSourcesBuildPhase;
			buildActionMask = 2147483647;
			files = (
				6B13F7DB1B791A5E004511E5 /* BandoTests.m in Sources */,
			);
			runOnlyForDeploymentPostprocessing = 0;
		};
/* End PBXSourcesBuildPhase section */

/* Begin PBXTargetDependency section */
		6B13F7D61B791A5E004511E5 /* PBXTargetDependency */ = {
			isa = PBXTargetDependency;
			target = 6B13F7B71B791A5E004511E5 /* Bando */;
			targetProxy = 6B13F7D51B791A5E004511E5 /* PBXContainerItemProxy */;
		};
/* End PBXTargetDependency section */

/* Begin PBXVariantGroup section */
		6B13F7C81B791A5E004511E5 /* Main.storyboard */ = {
			isa = PBXVariantGroup;
			children = (
				6B13F7C91B791A5E004511E5 /* Base */,
			);
			name = Main.storyboard;
			sourceTree = "<group>";
		};
		6B13F7CD1B791A5E004511E5 /* LaunchScreen.xib */ = {
			isa = PBXVariantGroup;
			children = (
				6B13F7CE1B791A5E004511E5 /* Base */,
			);
			name = LaunchScreen.xib;
			sourceTree = "<group>";
		};
/* End PBXVariantGroup section */

/* Begin XCBuildConfiguration section */
		6B13F7DC1B791A5E004511E5 /* Debug */ = {
			isa = XCBuildConfiguration;
			buildSettings = {
				ALWAYS_SEARCH_USER_PATHS = NO;
				CLANG_CXX_LANGUAGE_STANDARD = "gnu++0x";
				CLANG_CXX_LIBRARY = "libc++";
				CLANG_ENABLE_MODULES = YES;
				CLANG_ENABLE_OBJC_ARC = YES;
				CLANG_WARN_BOOL_CONVERSION = YES;
				CLANG_WARN_CONSTANT_CONVERSION = YES;
				CLANG_WARN_DIRECT_OBJC_ISA_USAGE = YES_ERROR;
				CLANG_WARN_EMPTY_BODY = YES;
				CLANG_WARN_ENUM_CONVERSION = YES;
				CLANG_WARN_INT_CONVERSION = YES;
				CLANG_WARN_OBJC_ROOT_CLASS = YES_ERROR;
				CLANG_WARN_UNREACHABLE_CODE = YES;
				CLANG_WARN__DUPLICATE_METHOD_MATCH = YES;
				CODE_SIGN_IDENTITY = "iPhone Distribution: Benjamin Harvey (55NN688S43)";
				"CODE_SIGN_IDENTITY[sdk=iphoneos*]" = "iPhone Distribution: Benjamin Harvey (55NN688S43)";
				COPY_PHASE_STRIP = NO;
				DEBUG_INFORMATION_FORMAT = "dwarf-with-dsym";
				ENABLE_STRICT_OBJC_MSGSEND = YES;
				GCC_C_LANGUAGE_STANDARD = gnu99;
				GCC_DYNAMIC_NO_PIC = NO;
				GCC_NO_COMMON_BLOCKS = YES;
				GCC_OPTIMIZATION_LEVEL = 0;
				GCC_PREPROCESSOR_DEFINITIONS = (
					"DEBUG=1",
					"$(inherited)",
				);
				GCC_SYMBOLS_PRIVATE_EXTERN = NO;
				GCC_WARN_64_TO_32_BIT_CONVERSION = YES;
				GCC_WARN_ABOUT_RETURN_TYPE = YES_ERROR;
				GCC_WARN_UNDECLARED_SELECTOR = YES;
				GCC_WARN_UNINITIALIZED_AUTOS = YES_AGGRESSIVE;
				GCC_WARN_UNUSED_FUNCTION = YES;
				GCC_WARN_UNUSED_VARIABLE = YES;
				IPHONEOS_DEPLOYMENT_TARGET = 8.4;
				MTL_ENABLE_DEBUG_INFO = YES;
				ONLY_ACTIVE_ARCH = YES;
				SDKROOT = iphoneos;
				TARGETED_DEVICE_FAMILY = "1,2";
			};
			name = Debug;
		};
		6B13F7DD1B791A5E004511E5 /* Release */ = {
			isa = XCBuildConfiguration;
			buildSettings = {
				ALWAYS_SEARCH_USER_PATHS = NO;
				CLANG_CXX_LANGUAGE_STANDARD = "gnu++0x";
				CLANG_CXX_LIBRARY = "libc++";
				CLANG_ENABLE_MODULES = YES;
				CLANG_ENABLE_OBJC_ARC = YES;
				CLANG_WARN_BOOL_CONVERSION = YES;
				CLANG_WARN_CONSTANT_CONVERSION = YES;
				CLANG_WARN_DIRECT_OBJC_ISA_USAGE = YES_ERROR;
				CLANG_WARN_EMPTY_BODY = YES;
				CLANG_WARN_ENUM_CONVERSION = YES;
				CLANG_WARN_INT_CONVERSION = YES;
				CLANG_WARN_OBJC_ROOT_CLASS = YES_ERROR;
				CLANG_WARN_UNREACHABLE_CODE = YES;
				CLANG_WARN__DUPLICATE_METHOD_MATCH = YES;
				CODE_SIGN_IDENTITY = "iPhone Distribution: Benjamin Harvey (55NN688S43)";
				"CODE_SIGN_IDENTITY[sdk=iphoneos*]" = "iPhone Distribution: Benjamin Harvey (55NN688S43)";
				COPY_PHASE_STRIP = NO;
				DEBUG_INFORMATION_FORMAT = "dwarf-with-dsym";
				ENABLE_NS_ASSERTIONS = NO;
				ENABLE_STRICT_OBJC_MSGSEND = YES;
				GCC_C_LANGUAGE_STANDARD = gnu99;
				GCC_NO_COMMON_BLOCKS = YES;
				GCC_WARN_64_TO_32_BIT_CONVERSION = YES;
				GCC_WARN_ABOUT_RETURN_TYPE = YES_ERROR;
				GCC_WARN_UNDECLARED_SELECTOR = YES;
				GCC_WARN_UNINITIALIZED_AUTOS = YES_AGGRESSIVE;
				GCC_WARN_UNUSED_FUNCTION = YES;
				GCC_WARN_UNUSED_VARIABLE = YES;
				IPHONEOS_DEPLOYMENT_TARGET = 8.4;
				MTL_ENABLE_DEBUG_INFO = NO;
				SDKROOT = iphoneos;
				TARGETED_DEVICE_FAMILY = "1,2";
				VALIDATE_PRODUCT = YES;
			};
			name = Release;
		};
		6B13F7DF1B791A5E004511E5 /* Debug */ = {
			isa = XCBuildConfiguration;
			baseConfigurationReference = B43BDDF30EB3C3166D4AB548 /* Pods-Bando.debug.xcconfig */;
			buildSettings = {
				ASSETCATALOG_COMPILER_APPICON_NAME = AppIcon;
				CODE_SIGN_IDENTITY = "iPhone Developer";
				"CODE_SIGN_IDENTITY[sdk=iphoneos*]" = "iPhone Developer";
				FRAMEWORK_SEARCH_PATHS = (
					"$(inherited)",
					"$(PROJECT_DIR)",
				);
				"HEADER_SEARCH_PATHS[arch=*]" = (
					"$(inherited)",
					/Applications/Xcode.app/Contents/Developer/Toolchains/XcodeDefault.xctoolchain/usr/include,
				);
				INFOPLIST_FILE = Bando/Info.plist;
				IPHONEOS_DEPLOYMENT_TARGET = 8.0;
				LD_RUNPATH_SEARCH_PATHS = "$(inherited) @executable_path/Frameworks";
				OTHER_LDFLAGS = (
					"-ObjC",
					"$(inherited)",
				);
				PRODUCT_NAME = "$(TARGET_NAME)";
				PROVISIONING_PROFILE = "";
				TARGETED_DEVICE_FAMILY = 1;
				USER_HEADER_SEARCH_PATHS = AQGridView;
				"USER_HEADER_SEARCH_PATHS[arch=*]" = AQGridView;
			};
			name = Debug;
		};
		6B13F7E01B791A5E004511E5 /* Release */ = {
			isa = XCBuildConfiguration;
			baseConfigurationReference = 2959C94D0A5C367FFDEB84F3 /* Pods-Bando.release.xcconfig */;
			buildSettings = {
				ASSETCATALOG_COMPILER_APPICON_NAME = AppIcon;
				CODE_SIGN_IDENTITY = "iPhone Developer";
				"CODE_SIGN_IDENTITY[sdk=iphoneos*]" = "iPhone Developer";
				FRAMEWORK_SEARCH_PATHS = (
					"$(inherited)",
					"$(PROJECT_DIR)",
				);
				INFOPLIST_FILE = Bando/Info.plist;
				IPHONEOS_DEPLOYMENT_TARGET = 8.0;
				LD_RUNPATH_SEARCH_PATHS = "$(inherited) @executable_path/Frameworks";
				OTHER_LDFLAGS = (
					"-ObjC",
					"$(inherited)",
				);
				PRODUCT_NAME = "$(TARGET_NAME)";
				PROVISIONING_PROFILE = "";
				TARGETED_DEVICE_FAMILY = 1;
				USER_HEADER_SEARCH_PATHS = AQGridView;
			};
			name = Release;
		};
		6B13F7E21B791A5E004511E5 /* Debug */ = {
			isa = XCBuildConfiguration;
			buildSettings = {
				BUNDLE_LOADER = "$(TEST_HOST)";
				FRAMEWORK_SEARCH_PATHS = (
					"$(SDKROOT)/Developer/Library/Frameworks",
					"$(inherited)",
				);
				GCC_PREPROCESSOR_DEFINITIONS = (
					"DEBUG=1",
					"$(inherited)",
				);
				INFOPLIST_FILE = BandoTests/Info.plist;
				LD_RUNPATH_SEARCH_PATHS = "$(inherited) @executable_path/Frameworks @loader_path/Frameworks";
				PRODUCT_NAME = "$(TARGET_NAME)";
				TEST_HOST = "$(BUILT_PRODUCTS_DIR)/Bando.app/Bando";
			};
			name = Debug;
		};
		6B13F7E31B791A5E004511E5 /* Release */ = {
			isa = XCBuildConfiguration;
			buildSettings = {
				BUNDLE_LOADER = "$(TEST_HOST)";
				FRAMEWORK_SEARCH_PATHS = (
					"$(SDKROOT)/Developer/Library/Frameworks",
					"$(inherited)",
				);
				INFOPLIST_FILE = BandoTests/Info.plist;
				LD_RUNPATH_SEARCH_PATHS = "$(inherited) @executable_path/Frameworks @loader_path/Frameworks";
				PRODUCT_NAME = "$(TARGET_NAME)";
				TEST_HOST = "$(BUILT_PRODUCTS_DIR)/Bando.app/Bando";
			};
			name = Release;
		};
/* End XCBuildConfiguration section */

/* Begin XCConfigurationList section */
		6B13F7B31B791A5E004511E5 /* Build configuration list for PBXProject "Bando" */ = {
			isa = XCConfigurationList;
			buildConfigurations = (
				6B13F7DC1B791A5E004511E5 /* Debug */,
				6B13F7DD1B791A5E004511E5 /* Release */,
			);
			defaultConfigurationIsVisible = 0;
			defaultConfigurationName = Release;
		};
		6B13F7DE1B791A5E004511E5 /* Build configuration list for PBXNativeTarget "Bando" */ = {
			isa = XCConfigurationList;
			buildConfigurations = (
				6B13F7DF1B791A5E004511E5 /* Debug */,
				6B13F7E01B791A5E004511E5 /* Release */,
			);
			defaultConfigurationIsVisible = 0;
			defaultConfigurationName = Release;
		};
		6B13F7E11B791A5E004511E5 /* Build configuration list for PBXNativeTarget "BandoTests" */ = {
			isa = XCConfigurationList;
			buildConfigurations = (
				6B13F7E21B791A5E004511E5 /* Debug */,
				6B13F7E31B791A5E004511E5 /* Release */,
			);
			defaultConfigurationIsVisible = 0;
			defaultConfigurationName = Release;
		};
/* End XCConfigurationList section */
	};
	rootObject = 6B13F7B01B791A5E004511E5 /* Project object */;
}
